{
  "pins" : [
    {
      "identity" : "messenger-sdk-ios",
      "kind" : "remoteSourceControl",
      "location" : "https://github.com/deskpro/messenger-sdk-ios.git",
      "state" : {
        "revision" : "819692434d517e650d8c0b779760b6d5b764a45e",
        "version" : "0.0.5"
      }
    }
  ],
  "version" : 2
}
