{
  "pins" : [
    {
      "identity" : "messenger-sdk-ios",
      "kind" : "remoteSourceControl",
      "location" : "https://github.com/deskpro/messenger-sdk-ios.git",
      "state" : {
        "revision" : "0638f13a32f5781145a3a18dc553e9f181aafe85",
        "version" : "0.0.7"
      }
    }
  ],
  "version" : 2
}
