{
  "pins" : [
    {
      "identity" : "messenger-sdk-ios",
      "kind" : "remoteSourceControl",
      "location" : "https://github.com/deskpro/messenger-sdk-ios.git",
      "state" : {
        "revision" : "acd128d826940bf1ef4fbd551cc5afd5369196b9",
        "version" : "0.0.4"
      }
    }
  ],
  "version" : 2
}
